
Microsoft Visual Studio Solution File, Format Version 12.00
# Visual Studio Version 16
VisualStudioVersion = 16.0.29409.12
MinimumVisualStudioVersion = 10.0.40219.1
Project("{FAE04EC0-301F-11D3-BF4B-00C04F79EFBC}") = "TIR-Yangtze", "TIR-Yangtze\TIR-Yangtze.csproj", "{3B508B15-263F-4ACF-82E1-FDE5B8F32BE9}"
EndProject
Global
	GlobalSection(SolutionConfigurationPlatforms) = preSolution
		Debug|Any CPU = Debug|Any CPU
		Debug|x86 = Debug|x86
		Release|Any CPU = Release|Any CPU
		Release|x86 = Release|x86
	EndGlobalSection
	GlobalSection(ProjectConfigurationPlatforms) = postSolution
		{3B508B15-263F-4ACF-82E1-FDE5B8F32BE9}.Debug|Any CPU.ActiveCfg = Debug|Any CPU
		{3B508B15-263F-4ACF-82E1-FDE5B8F32BE9}.Debug|Any CPU.Build.0 = Debug|Any CPU
		{3B508B15-263F-4ACF-82E1-FDE5B8F32BE9}.Debug|x86.ActiveCfg = Debug|Any CPU
		{3B508B15-263F-4ACF-82E1-FDE5B8F32BE9}.Debug|x86.Build.0 = Debug|Any CPU
		{3B508B15-263F-4ACF-82E1-FDE5B8F32BE9}.Release|Any CPU.ActiveCfg = Release|Any CPU
		{3B508B15-263F-4ACF-82E1-FDE5B8F32BE9}.Release|Any CPU.Build.0 = Release|Any CPU
		{3B508B15-263F-4ACF-82E1-FDE5B8F32BE9}.Release|x86.ActiveCfg = Release|Any CPU
		{3B508B15-263F-4ACF-82E1-FDE5B8F32BE9}.Release|x86.Build.0 = Release|Any CPU
	EndGlobalSection
	GlobalSection(SolutionProperties) = preSolution
		HideSolutionNode = FALSE
	EndGlobalSection
	GlobalSection(ExtensibilityGlobals) = postSolution
		SolutionGuid = {909464A1-6149-419B-A501-3CB0D0498AD5}
	EndGlobalSection
EndGlobal
